
Microsoft Visual Studio Solution File, Format Version 12.00
# Visual Studio Version 16
VisualStudioVersion = 16.0.32228.343
MinimumVisualStudioVersion = 10.0.40219.1
Project("{9A19103F-16F7-4668-BE54-9A1E7A4F7556}") = "AED2_01_Ex01", "AED2_01\AED2_01_Ex01\AED2_01_Ex01.csproj", "{47C09F0C-E171-401E-A3C9-9F3596EE77C4}"
EndProject
Project("{9A19103F-16F7-4668-BE54-9A1E7A4F7556}") = "AED2_01_Ex02", "AED2_01\AED2_01_Ex02\AED2_01_Ex02.csproj", "{48E9FA00-9B84-4974-9AD5-609E735157D7}"
EndProject
Project("{9A19103F-16F7-4668-BE54-9A1E7A4F7556}") = "AED2_01_Ex03", "AED2_01\AED2_01_Ex03\AED2_01_Ex03.csproj", "{EE5C30A8-4B21-404E-BFE8-44FFD57D557A}"
EndProject
Project("{9A19103F-16F7-4668-BE54-9A1E7A4F7556}") = "AED2_01_Ex04", "AED2_01\AED2_01_Ex04\AED2_01_Ex04.csproj", "{7DFAD9E6-6992-42F6-A660-5F8D182B0132}"
EndProject
Project("{9A19103F-16F7-4668-BE54-9A1E7A4F7556}") = "AED2_01_Ex05", "AED2_01\AED2_01_Ex05\AED2_01_Ex05.csproj", "{51E9B4D8-D495-46E9-915A-E07F37F46C77}"
EndProject
Project("{9A19103F-16F7-4668-BE54-9A1E7A4F7556}") = "AED2_01_Ex06", "AED2_01\AED2_01_Ex06\AED2_01_Ex06.csproj", "{A8371948-D395-4A54-8E99-629917366104}"
EndProject
Project("{9A19103F-16F7-4668-BE54-9A1E7A4F7556}") = "AED2_02", "AED2_02\AED2_02.csproj", "{C11975B5-FF73-43A9-B269-265DA8B4F3A2}"
EndProject
Project("{9A19103F-16F7-4668-BE54-9A1E7A4F7556}") = "AED2_03", "AED2_03\AED2_03.csproj", "{B24F4DE0-F44A-4641-B867-1502926B8F35}"
EndProject
Project("{FAE04EC0-301F-11D3-BF4B-00C04F79EFBC}") = "AED2_04", "AED2_04\AED2_04.csproj", "{9B82DF45-5CF5-46E6-BF93-D33BBB66084C}"
EndProject
Global
	GlobalSection(SolutionConfigurationPlatforms) = preSolution
		Debug|Any CPU = Debug|Any CPU
		Release|Any CPU = Release|Any CPU
	EndGlobalSection
	GlobalSection(ProjectConfigurationPlatforms) = postSolution
		{47C09F0C-E171-401E-A3C9-9F3596EE77C4}.Debug|Any CPU.ActiveCfg = Debug|Any CPU
		{47C09F0C-E171-401E-A3C9-9F3596EE77C4}.Debug|Any CPU.Build.0 = Debug|Any CPU
		{47C09F0C-E171-401E-A3C9-9F3596EE77C4}.Release|Any CPU.ActiveCfg = Release|Any CPU
		{47C09F0C-E171-401E-A3C9-9F3596EE77C4}.Release|Any CPU.Build.0 = Release|Any CPU
		{48E9FA00-9B84-4974-9AD5-609E735157D7}.Debug|Any CPU.ActiveCfg = Debug|Any CPU
		{48E9FA00-9B84-4974-9AD5-609E735157D7}.Debug|Any CPU.Build.0 = Debug|Any CPU
		{48E9FA00-9B84-4974-9AD5-609E735157D7}.Release|Any CPU.ActiveCfg = Release|Any CPU
		{48E9FA00-9B84-4974-9AD5-609E735157D7}.Release|Any CPU.Build.0 = Release|Any CPU
		{EE5C30A8-4B21-404E-BFE8-44FFD57D557A}.Debug|Any CPU.ActiveCfg = Debug|Any CPU
		{EE5C30A8-4B21-404E-BFE8-44FFD57D557A}.Debug|Any CPU.Build.0 = Debug|Any CPU
		{EE5C30A8-4B21-404E-BFE8-44FFD57D557A}.Release|Any CPU.ActiveCfg = Release|Any CPU
		{EE5C30A8-4B21-404E-BFE8-44FFD57D557A}.Release|Any CPU.Build.0 = Release|Any CPU
		{7DFAD9E6-6992-42F6-A660-5F8D182B0132}.Debug|Any CPU.ActiveCfg = Debug|Any CPU
		{7DFAD9E6-6992-42F6-A660-5F8D182B0132}.Debug|Any CPU.Build.0 = Debug|Any CPU
		{7DFAD9E6-6992-42F6-A660-5F8D182B0132}.Release|Any CPU.ActiveCfg = Release|Any CPU
		{7DFAD9E6-6992-42F6-A660-5F8D182B0132}.Release|Any CPU.Build.0 = Release|Any CPU
		{51E9B4D8-D495-46E9-915A-E07F37F46C77}.Debug|Any CPU.ActiveCfg = Debug|Any CPU
		{51E9B4D8-D495-46E9-915A-E07F37F46C77}.Debug|Any CPU.Build.0 = Debug|Any CPU
		{51E9B4D8-D495-46E9-915A-E07F37F46C77}.Release|Any CPU.ActiveCfg = Release|Any CPU
		{51E9B4D8-D495-46E9-915A-E07F37F46C77}.Release|Any CPU.Build.0 = Release|Any CPU
		{A8371948-D395-4A54-8E99-629917366104}.Debug|Any CPU.ActiveCfg = Debug|Any CPU
		{A8371948-D395-4A54-8E99-629917366104}.Debug|Any CPU.Build.0 = Debug|Any CPU
		{A8371948-D395-4A54-8E99-629917366104}.Release|Any CPU.ActiveCfg = Release|Any CPU
		{A8371948-D395-4A54-8E99-629917366104}.Release|Any CPU.Build.0 = Release|Any CPU
		{C11975B5-FF73-43A9-B269-265DA8B4F3A2}.Debug|Any CPU.ActiveCfg = Debug|Any CPU
		{C11975B5-FF73-43A9-B269-265DA8B4F3A2}.Debug|Any CPU.Build.0 = Debug|Any CPU
		{C11975B5-FF73-43A9-B269-265DA8B4F3A2}.Release|Any CPU.ActiveCfg = Release|Any CPU
		{C11975B5-FF73-43A9-B269-265DA8B4F3A2}.Release|Any CPU.Build.0 = Release|Any CPU
		{B24F4DE0-F44A-4641-B867-1502926B8F35}.Debug|Any CPU.ActiveCfg = Debug|Any CPU
		{B24F4DE0-F44A-4641-B867-1502926B8F35}.Debug|Any CPU.Build.0 = Debug|Any CPU
		{B24F4DE0-F44A-4641-B867-1502926B8F35}.Release|Any CPU.ActiveCfg = Release|Any CPU
		{B24F4DE0-F44A-4641-B867-1502926B8F35}.Release|Any CPU.Build.0 = Release|Any CPU
		{9B82DF45-5CF5-46E6-BF93-D33BBB66084C}.Debug|Any CPU.ActiveCfg = Debug|Any CPU
		{9B82DF45-5CF5-46E6-BF93-D33BBB66084C}.Debug|Any CPU.Build.0 = Debug|Any CPU
		{9B82DF45-5CF5-46E6-BF93-D33BBB66084C}.Release|Any CPU.ActiveCfg = Release|Any CPU
		{9B82DF45-5CF5-46E6-BF93-D33BBB66084C}.Release|Any CPU.Build.0 = Release|Any CPU
	EndGlobalSection
	GlobalSection(SolutionProperties) = preSolution
		HideSolutionNode = FALSE
	EndGlobalSection
	GlobalSection(ExtensibilityGlobals) = postSolution
		SolutionGuid = {4A719A60-4C65-43C9-B5EE-FCDDE77B8B22}
	EndGlobalSection
EndGlobal
